
Microsoft Visual Studio Solution File, Format Version 12.00
# Visual Studio Version 17
VisualStudioVersion = 17.7.34221.43
MinimumVisualStudioVersion = 10.0.40219.1
Project("{F184B08F-C81C-45F6-A57F-5ABD9991F28F}") = "Kronometre", "Kronometre\Kronometre.vbproj", "{3222D5A6-699E-4C42-8120-68AD461AA150}"
EndProject
Global
	GlobalSection(SolutionConfigurationPlatforms) = preSolution
		Debug|Any CPU = Debug|Any CPU
		Release|Any CPU = Release|Any CPU
	EndGlobalSection
	GlobalSection(ProjectConfigurationPlatforms) = postSolution
		{3222D5A6-699E-4C42-8120-68AD461AA150}.Debug|Any CPU.ActiveCfg = Debug|Any CPU
		{3222D5A6-699E-4C42-8120-68AD461AA150}.Debug|Any CPU.Build.0 = Debug|Any CPU
		{3222D5A6-699E-4C42-8120-68AD461AA150}.Release|Any CPU.ActiveCfg = Release|Any CPU
		{3222D5A6-699E-4C42-8120-68AD461AA150}.Release|Any CPU.Build.0 = Release|Any CPU
	EndGlobalSection
	GlobalSection(SolutionProperties) = preSolution
		HideSolutionNode = FALSE
	EndGlobalSection
	GlobalSection(ExtensibilityGlobals) = postSolution
		SolutionGuid = {296EFCE3-46FC-4CDA-82ED-832CDD0FA117}
	EndGlobalSection
EndGlobal
